
Microsoft Visual Studio Solution File, Format Version 12.00
# Visual Studio Version 17
VisualStudioVersion = 17.5.33516.290
MinimumVisualStudioVersion = 10.0.40219.1
Project("{FAE04EC0-301F-11D3-BF4B-00C04F79EFBC}") = "ConsoleApp1", "ConsoleApp1.csproj", "{DE105654-AFD2-483A-B220-E16637DDEC38}"
EndProject
Global
	GlobalSection(SolutionConfigurationPlatforms) = preSolution
		Debug|Any CPU = Debug|Any CPU
		Release|Any CPU = Release|Any CPU
	EndGlobalSection
	GlobalSection(ProjectConfigurationPlatforms) = postSolution
		{DE105654-AFD2-483A-B220-E16637DDEC38}.Debug|Any CPU.ActiveCfg = Debug|Any CPU
		{DE105654-AFD2-483A-B220-E16637DDEC38}.Debug|Any CPU.Build.0 = Debug|Any CPU
		{DE105654-AFD2-483A-B220-E16637DDEC38}.Release|Any CPU.ActiveCfg = Release|Any CPU
		{DE105654-AFD2-483A-B220-E16637DDEC38}.Release|Any CPU.Build.0 = Release|Any CPU
	EndGlobalSection
	GlobalSection(SolutionProperties) = preSolution
		HideSolutionNode = FALSE
	EndGlobalSection
	GlobalSection(ExtensibilityGlobals) = postSolution
		SolutionGuid = {D3BB0FDD-3D81-493E-99D5-A339402C9904}
	EndGlobalSection
EndGlobal
