
Microsoft Visual Studio Solution File, Format Version 12.00
# Visual Studio Version 17
VisualStudioVersion = 17.5.33516.290
MinimumVisualStudioVersion = 10.0.40219.1
Project("{FAE04EC0-301F-11D3-BF4B-00C04F79EFBC}") = "es_studente", "es_studente.csproj", "{1E95BAB6-DA91-499D-8397-E0B95A224DE5}"
EndProject
Global
	GlobalSection(SolutionConfigurationPlatforms) = preSolution
		Debug|Any CPU = Debug|Any CPU
		Release|Any CPU = Release|Any CPU
	EndGlobalSection
	GlobalSection(ProjectConfigurationPlatforms) = postSolution
		{1E95BAB6-DA91-499D-8397-E0B95A224DE5}.Debug|Any CPU.ActiveCfg = Debug|Any CPU
		{1E95BAB6-DA91-499D-8397-E0B95A224DE5}.Debug|Any CPU.Build.0 = Debug|Any CPU
		{1E95BAB6-DA91-499D-8397-E0B95A224DE5}.Release|Any CPU.ActiveCfg = Release|Any CPU
		{1E95BAB6-DA91-499D-8397-E0B95A224DE5}.Release|Any CPU.Build.0 = Release|Any CPU
	EndGlobalSection
	GlobalSection(SolutionProperties) = preSolution
		HideSolutionNode = FALSE
	EndGlobalSection
	GlobalSection(ExtensibilityGlobals) = postSolution
		SolutionGuid = {BA287CFE-FB76-43B3-A8C2-D66592669721}
	EndGlobalSection
EndGlobal
