
Microsoft Visual Studio Solution File, Format Version 12.00
# Visual Studio Version 17
VisualStudioVersion = 17.5.33516.290
MinimumVisualStudioVersion = 10.0.40219.1
Project("{FAE04EC0-301F-11D3-BF4B-00C04F79EFBC}") = "ConsoleApp4", "ConsoleApp4.csproj", "{A3A8A9C1-A00B-46A0-961D-13AF70DBF684}"
EndProject
Global
	GlobalSection(SolutionConfigurationPlatforms) = preSolution
		Debug|Any CPU = Debug|Any CPU
		Release|Any CPU = Release|Any CPU
	EndGlobalSection
	GlobalSection(ProjectConfigurationPlatforms) = postSolution
		{A3A8A9C1-A00B-46A0-961D-13AF70DBF684}.Debug|Any CPU.ActiveCfg = Debug|Any CPU
		{A3A8A9C1-A00B-46A0-961D-13AF70DBF684}.Debug|Any CPU.Build.0 = Debug|Any CPU
		{A3A8A9C1-A00B-46A0-961D-13AF70DBF684}.Release|Any CPU.ActiveCfg = Release|Any CPU
		{A3A8A9C1-A00B-46A0-961D-13AF70DBF684}.Release|Any CPU.Build.0 = Release|Any CPU
	EndGlobalSection
	GlobalSection(SolutionProperties) = preSolution
		HideSolutionNode = FALSE
	EndGlobalSection
	GlobalSection(ExtensibilityGlobals) = postSolution
		SolutionGuid = {3201417A-7DD7-44A9-8463-61B73500713B}
	EndGlobalSection
EndGlobal
